
Microsoft Visual Studio Solution File, Format Version 12.00
# Visual Studio 15
VisualStudioVersion = 15.0.27428.2043
MinimumVisualStudioVersion = 10.0.40219.1
Project("{FAE04EC0-301F-11D3-BF4B-00C04F79EFBC}") = "LaPapeleriaDaMore.COMMON", "LaPapeleriaDaMore.COMMON\LaPapeleriaDaMore.COMMON.csproj", "{0806282B-2DB2-468F-9D43-3CD891AF0A5E}"
EndProject
Global
	GlobalSection(SolutionConfigurationPlatforms) = preSolution
		Debug|Any CPU = Debug|Any CPU
		Release|Any CPU = Release|Any CPU
	EndGlobalSection
	GlobalSection(ProjectConfigurationPlatforms) = postSolution
		{0806282B-2DB2-468F-9D43-3CD891AF0A5E}.Debug|Any CPU.ActiveCfg = Debug|Any CPU
		{0806282B-2DB2-468F-9D43-3CD891AF0A5E}.Debug|Any CPU.Build.0 = Debug|Any CPU
		{0806282B-2DB2-468F-9D43-3CD891AF0A5E}.Release|Any CPU.ActiveCfg = Release|Any CPU
		{0806282B-2DB2-468F-9D43-3CD891AF0A5E}.Release|Any CPU.Build.0 = Release|Any CPU
	EndGlobalSection
	GlobalSection(SolutionProperties) = preSolution
		HideSolutionNode = FALSE
	EndGlobalSection
	GlobalSection(ExtensibilityGlobals) = postSolution
		SolutionGuid = {C838F657-6A4C-4876-B502-0E540E26FA9F}
	EndGlobalSection
EndGlobal
